// !$*UTF8*$!
{
	archiveVersion = 1;
	classes = {
	};
	objectVersion = 46;
	objects = {

/* Begin PBXBuildFile section */
		B89C8F541DE00150003635AF /* AppDelegate.swift in Sources */ = {isa = PBXBuildFile; fileRef = B89C8F531DE00150003635AF /* AppDelegate.swift */; };
		B89C8F561DE00150003635AF /* Main.swift in Sources */ = {isa = PBXBuildFile; fileRef = B89C8F551DE00150003635AF /* Main.swift */; };
		B89C8F591DE00150003635AF /* Main.storyboard in Resources */ = {isa = PBXBuildFile; fileRef = B89C8F571DE00150003635AF /* Main.storyboard */; };
		B89C8F5B1DE00150003635AF /* Assets.xcassets in Resources */ = {isa = PBXBuildFile; fileRef = B89C8F5A1DE00150003635AF /* Assets.xcassets */; };
		B89C8F5E1DE00150003635AF /* LaunchScreen.storyboard in Resources */ = {isa = PBXBuildFile; fileRef = B89C8F5C1DE00150003635AF /* LaunchScreen.storyboard */; };
		B89C8F661DE08D43003635AF /* Role.swift in Sources */ = {isa = PBXBuildFile; fileRef = B89C8F651DE08D43003635AF /* Role.swift */; };
		B89C8F681DE09060003635AF /* IntroductionPage.swift in Sources */ = {isa = PBXBuildFile; fileRef = B89C8F671DE09060003635AF /* IntroductionPage.swift */; };
		B89C8F6A1DE09079003635AF /* EditPage.swift in Sources */ = {isa = PBXBuildFile; fileRef = B89C8F691DE09079003635AF /* EditPage.swift */; };
/* End PBXBuildFile section */

/* Begin PBXFileReference section */
		B89C8F501DE00150003635AF /* PageTransform.app */ = {isa = PBXFileReference; explicitFileType = wrapper.application; includeInIndex = 0; path = PageTransform.app; sourceTree = BUILT_PRODUCTS_DIR; };
		B89C8F531DE00150003635AF /* AppDelegate.swift */ = {isa = PBXFileReference; lastKnownFileType = sourcecode.swift; path = AppDelegate.swift; sourceTree = "<group>"; };
		B89C8F551DE00150003635AF /* Main.swift */ = {isa = PBXFileReference; lastKnownFileType = sourcecode.swift; path = Main.swift; sourceTree = "<group>"; };
		B89C8F581DE00150003635AF /* Base */ = {isa = PBXFileReference; lastKnownFileType = file.storyboard; name = Base; path = Base.lproj/Main.storyboard; sourceTree = "<group>"; };
		B89C8F5A1DE00150003635AF /* Assets.xcassets */ = {isa = PBXFileReference; lastKnownFileType = folder.assetcatalog; path = Assets.xcassets; sourceTree = "<group>"; };
		B89C8F5D1DE00150003635AF /* Base */ = {isa = PBXFileReference; lastKnownFileType = file.storyboard; name = Base; path = Base.lproj/LaunchScreen.storyboard; sourceTree = "<group>"; };
		B89C8F5F1DE00150003635AF /* Info.plist */ = {isa = PBXFileReference; lastKnownFileType = text.plist.xml; path = Info.plist; sourceTree = "<group>"; };
		B89C8F651DE08D43003635AF /* Role.swift */ = {isa = PBXFileReference; fileEncoding = 4; lastKnownFileType = sourcecode.swift; path = Role.swift; sourceTree = "<group>"; };
		B89C8F671DE09060003635AF /* IntroductionPage.swift */ = {isa = PBXFileReference; fileEncoding = 4; lastKnownFileType = sourcecode.swift; path = IntroductionPage.swift; sourceTree = "<group>"; };
		B89C8F691DE09079003635AF /* EditPage.swift */ = {isa = PBXFileReference; fileEncoding = 4; lastKnownFileType = sourcecode.swift; path = EditPage.swift; sourceTree = "<group>"; };
/* End PBXFileReference section */

/* Begin PBXFrameworksBuildPhase section */
		B89C8F4D1DE00150003635AF /* Frameworks */ = {
			isa = PBXFrameworksBuildPhase;
			buildActionMask = 2147483647;
			files = (
			);
			runOnlyForDeploymentPostprocessing = 0;
		};
/* End PBXFrameworksBuildPhase section */

/* Begin PBXGroup section */
		B89C8F471DE00150003635AF = {
			isa = PBXGroup;
			children = (
				B89C8F521DE00150003635AF /* PageTransform */,
				B89C8F511DE00150003635AF /* Products */,
			);
			sourceTree = "<group>";
		};
		B89C8F511DE00150003635AF /* Products */ = {
			isa = PBXGroup;
			children = (
				B89C8F501DE00150003635AF /* PageTransform.app */,
			);
			name = Products;
			sourceTree = "<group>";
		};
		B89C8F521DE00150003635AF /* PageTransform */ = {
			isa = PBXGroup;
			children = (
				B89C8F531DE00150003635AF /* AppDelegate.swift */,
				B89C8F551DE00150003635AF /* Main.swift */,
				B89C8F671DE09060003635AF /* IntroductionPage.swift */,
				B89C8F691DE09079003635AF /* EditPage.swift */,
				B89C8F651DE08D43003635AF /* Role.swift */,
				B89C8F571DE00150003635AF /* Main.storyboard */,
				B89C8F5A1DE00150003635AF /* Assets.xcassets */,
				B89C8F5C1DE00150003635AF /* LaunchScreen.storyboard */,
				B89C8F5F1DE00150003635AF /* Info.plist */,
			);
			path = PageTransform;
			sourceTree = "<group>";
		};
/* End PBXGroup section */

/* Begin PBXNativeTarget section */
		B89C8F4F1DE00150003635AF /* PageTransform */ = {
			isa = PBXNativeTarget;
			buildConfigurationList = B89C8F621DE00150003635AF /* Build configuration list for PBXNativeTarget "PageTransform" */;
			buildPhases = (
				B89C8F4C1DE00150003635AF /* Sources */,
				B89C8F4D1DE00150003635AF /* Frameworks */,
				B89C8F4E1DE00150003635AF /* Resources */,
			);
			buildRules = (
			);
			dependencies = (
			);
			name = PageTransform;
			productName = PageTransform;
			productReference = B89C8F501DE00150003635AF /* PageTransform.app */;
			productType = "com.apple.product-type.application";
		};
/* End PBXNativeTarget section */

/* Begin PBXProject section */
		B89C8F481DE00150003635AF /* Project object */ = {
			isa = PBXProject;
			attributes = {
				LastSwiftUpdateCheck = 0810;
				LastUpgradeCheck = 0810;
				ORGANIZATIONNAME = "林暐潔";
				TargetAttributes = {
					B89C8F4F1DE00150003635AF = {
						CreatedOnToolsVersion = 8.1;
						DevelopmentTeam = KYSS7X6B2V;
						ProvisioningStyle = Automatic;
					};
				};
			};
			buildConfigurationList = B89C8F4B1DE00150003635AF /* Build configuration list for PBXProject "PageTransform" */;
			compatibilityVersion = "Xcode 3.2";
			developmentRegion = English;
			hasScannedForEncodings = 0;
			knownRegions = (
				en,
				Base,
			);
			mainGroup = B89C8F471DE00150003635AF;
			productRefGroup = B89C8F511DE00150003635AF /* Products */;
			projectDirPath = "";
			projectRoot = "";
			targets = (
				B89C8F4F1DE00150003635AF /* PageTransform */,
			);
		};
/* End PBXProject section */

/* Begin PBXResourcesBuildPhase section */
		B89C8F4E1DE00150003635AF /* Resources */ = {
			isa = PBXResourcesBuildPhase;
			buildActionMask = 2147483647;
			files = (
				B89C8F5E1DE00150003635AF /* LaunchScreen.storyboard in Resources */,
				B89C8F5B1DE00150003635AF /* Assets.xcassets in Resources */,
				B89C8F591DE00150003635AF /* Main.storyboard in Resources */,
			);
			runOnlyForDeploymentPostprocessing = 0;
		};
/* End PBXResourcesBuildPhase section */

/* Begin PBXSourcesBuildPhase section */
		B89C8F4C1DE00150003635AF /* Sources */ = {
			isa = PBXSourcesBuildPhase;
			buildActionMask = 2147483647;
			files = (
				B89C8F681DE09060003635AF /* IntroductionPage.swift in Sources */,
				B89C8F561DE00150003635AF /* Main.swift in Sources */,
				B89C8F541DE00150003635AF /* AppDelegate.swift in Sources */,
				B89C8F6A1DE09079003635AF /* EditPage.swift in Sources */,
				B89C8F661DE08D43003635AF /* Role.swift in Sources */,
			);
			runOnlyForDeploymentPostprocessing = 0;
		};
/* End PBXSourcesBuildPhase section */

/* Begin PBXVariantGroup section */
		B89C8F571DE00150003635AF /* Main.storyboard */ = {
			isa = PBXVariantGroup;
			children = (
				B89C8F581DE00150003635AF /* Base */,
			);
			name = Main.storyboard;
			sourceTree = "<group>";
		};
		B89C8F5C1DE00150003635AF /* LaunchScreen.storyboard */ = {
			isa = PBXVariantGroup;
			children = (
				B89C8F5D1DE00150003635AF /* Base */,
			);
			name = LaunchScreen.storyboard;
			sourceTree = "<group>";
		};
/* End PBXVariantGroup section */

/* Begin XCBuildConfiguration section */
		B89C8F601DE00150003635AF /* Debug */ = {
			isa = XCBuildConfiguration;
			buildSettings = {
				ALWAYS_SEARCH_USER_PATHS = NO;
				CLANG_ANALYZER_NONNULL = YES;
				CLANG_CXX_LANGUAGE_STANDARD = "gnu++0x";
				CLANG_CXX_LIBRARY = "libc++";
				CLANG_ENABLE_MODULES = YES;
				CLANG_ENABLE_OBJC_ARC = YES;
				CLANG_WARN_BOOL_CONVERSION = YES;
				CLANG_WARN_CONSTANT_CONVERSION = YES;
				CLANG_WARN_DIRECT_OBJC_ISA_USAGE = YES_ERROR;
				CLANG_WARN_DOCUMENTATION_COMMENTS = YES;
				CLANG_WARN_EMPTY_BODY = YES;
				CLANG_WARN_ENUM_CONVERSION = YES;
				CLANG_WARN_INFINITE_RECURSION = YES;
				CLANG_WARN_INT_CONVERSION = YES;
				CLANG_WARN_OBJC_ROOT_CLASS = YES_ERROR;
				CLANG_WARN_SUSPICIOUS_MOVES = YES;
				CLANG_WARN_UNREACHABLE_CODE = YES;
				CLANG_WARN__DUPLICATE_METHOD_MATCH = YES;
				"CODE_SIGN_IDENTITY[sdk=iphoneos*]" = "iPhone Developer";
				COPY_PHASE_STRIP = NO;
				DEBUG_INFORMATION_FORMAT = dwarf;
				ENABLE_STRICT_OBJC_MSGSEND = YES;
				ENABLE_TESTABILITY = YES;
				GCC_C_LANGUAGE_STANDARD = gnu99;
				GCC_DYNAMIC_NO_PIC = NO;
				GCC_NO_COMMON_BLOCKS = YES;
				GCC_OPTIMIZATION_LEVEL = 0;
				GCC_PREPROCESSOR_DEFINITIONS = (
					"DEBUG=1",
					"$(inherited)",
				);
				GCC_WARN_64_TO_32_BIT_CONVERSION = YES;
				GCC_WARN_ABOUT_RETURN_TYPE = YES_ERROR;
				GCC_WARN_UNDECLARED_SELECTOR = YES;
				GCC_WARN_UNINITIALIZED_AUTOS = YES_AGGRESSIVE;
				GCC_WARN_UNUSED_FUNCTION = YES;
				GCC_WARN_UNUSED_VARIABLE = YES;
				IPHONEOS_DEPLOYMENT_TARGET = 10.1;
				MTL_ENABLE_DEBUG_INFO = YES;
				ONLY_ACTIVE_ARCH = YES;
				SDKROOT = iphoneos;
				SWIFT_ACTIVE_COMPILATION_CONDITIONS = DEBUG;
				SWIFT_OPTIMIZATION_LEVEL = "-Onone";
			};
			name = Debug;
		};
		B89C8F611DE00150003635AF /* Release */ = {
			isa = XCBuildConfiguration;
			buildSettings = {
				ALWAYS_SEARCH_USER_PATHS = NO;
				CLANG_ANALYZER_NONNULL = YES;
				CLANG_CXX_LANGUAGE_STANDARD = "gnu++0x";
				CLANG_CXX_LIBRARY = "libc++";
				CLANG_ENABLE_MODULES = YES;
				CLANG_ENABLE_OBJC_ARC = YES;
				CLANG_WARN_BOOL_CONVERSION = YES;
				CLANG_WARN_CONSTANT_CONVERSION = YES;
				CLANG_WARN_DIRECT_OBJC_ISA_USAGE = YES_ERROR;
				CLANG_WARN_DOCUMENTATION_COMMENTS = YES;
				CLANG_WARN_EMPTY_BODY = YES;
				CLANG_WARN_ENUM_CONVERSION = YES;
				CLANG_WARN_INFINITE_RECURSION = YES;
				CLANG_WARN_INT_CONVERSION = YES;
				CLANG_WARN_OBJC_ROOT_CLASS = YES_ERROR;
				CLANG_WARN_SUSPICIOUS_MOVES = YES;
				CLANG_WARN_UNREACHABLE_CODE = YES;
				CLANG_WARN__DUPLICATE_METHOD_MATCH = YES;
				"CODE_SIGN_IDENTITY[sdk=iphoneos*]" = "iPhone Developer";
				COPY_PHASE_STRIP = NO;
				DEBUG_INFORMATION_FORMAT = "dwarf-with-dsym";
				ENABLE_NS_ASSERTIONS = NO;
				ENABLE_STRICT_OBJC_MSGSEND = YES;
				GCC_C_LANGUAGE_STANDARD = gnu99;
				GCC_NO_COMMON_BLOCKS = YES;
				GCC_WARN_64_TO_32_BIT_CONVERSION = YES;
				GCC_WARN_ABOUT_RETURN_TYPE = YES_ERROR;
				GCC_WARN_UNDECLARED_SELECTOR = YES;
				GCC_WARN_UNINITIALIZED_AUTOS = YES_AGGRESSIVE;
				GCC_WARN_UNUSED_FUNCTION = YES;
				GCC_WARN_UNUSED_VARIABLE = YES;
				IPHONEOS_DEPLOYMENT_TARGET = 10.1;
				MTL_ENABLE_DEBUG_INFO = NO;
				SDKROOT = iphoneos;
				SWIFT_OPTIMIZATION_LEVEL = "-Owholemodule";
				VALIDATE_PRODUCT = YES;
			};
			name = Release;
		};
		B89C8F631DE00150003635AF /* Debug */ = {
			isa = XCBuildConfiguration;
			buildSettings = {
				ASSETCATALOG_COMPILER_APPICON_NAME = AppIcon;
				DEVELOPMENT_TEAM = KYSS7X6B2V;
				INFOPLIST_FILE = PageTransform/Info.plist;
				LD_RUNPATH_SEARCH_PATHS = "$(inherited) @executable_path/Frameworks";
				PRODUCT_BUNDLE_IDENTIFIER = com.Jay.PageTransform;
				PRODUCT_NAME = "$(TARGET_NAME)";
				SWIFT_VERSION = 3.0;
			};
			name = Debug;
		};
		B89C8F641DE00150003635AF /* Release */ = {
			isa = XCBuildConfiguration;
			buildSettings = {
				ASSETCATALOG_COMPILER_APPICON_NAME = AppIcon;
				DEVELOPMENT_TEAM = KYSS7X6B2V;
				INFOPLIST_FILE = PageTransform/Info.plist;
				LD_RUNPATH_SEARCH_PATHS = "$(inherited) @executable_path/Frameworks";
				PRODUCT_BUNDLE_IDENTIFIER = com.Jay.PageTransform;
				PRODUCT_NAME = "$(TARGET_NAME)";
				SWIFT_VERSION = 3.0;
			};
			name = Release;
		};
/* End XCBuildConfiguration section */

/* Begin XCConfigurationList section */
		B89C8F4B1DE00150003635AF /* Build configuration list for PBXProject "PageTransform" */ = {
			isa = XCConfigurationList;
			buildConfigurations = (
				B89C8F601DE00150003635AF /* Debug */,
				B89C8F611DE00150003635AF /* Release */,
			);
			defaultConfigurationIsVisible = 0;
			defaultConfigurationName = Release;
		};
		B89C8F621DE00150003635AF /* Build configuration list for PBXNativeTarget "PageTransform" */ = {
			isa = XCConfigurationList;
			buildConfigurations = (
				B89C8F631DE00150003635AF /* Debug */,
				B89C8F641DE00150003635AF /* Release */,
			);
			defaultConfigurationIsVisible = 0;
		};
/* End XCConfigurationList section */
	};
	rootObject = B89C8F481DE00150003635AF /* Project object */;
}
